
Microsoft Visual Studio Solution File, Format Version 12.00
# Visual Studio Version 17
VisualStudioVersion = 17.12.35527.113 d17.12
MinimumVisualStudioVersion = 10.0.40219.1
Project("{2150E333-8FDC-42A3-9474-1A3956D46DE8}") = "WebUI", "WebUI", "{41E61137-A72E-49A6-89C4-FA7A905C017B}"
EndProject
Project("{2150E333-8FDC-42A3-9474-1A3956D46DE8}") = "Library", "Library", "{0F67F626-16D0-4717-8AE4-CC60A6C5255A}"
EndProject
Project("{FAE04EC0-301F-11D3-BF4B-00C04F79EFBC}") = "GradLink", "GradLink\GradLink.csproj", "{D20ADD25-B52A-43C8-89E6-BCEBEA8FFD17}"
EndProject
Project("{FAE04EC0-301F-11D3-BF4B-00C04F79EFBC}") = "GradLink.Model", "GradLink.Model\GradLink.Model.csproj", "{2C7A2856-F024-4CD3-813B-BC28E70FD784}"
EndProject
Project("{FAE04EC0-301F-11D3-BF4B-00C04F79EFBC}") = "GradLink.Repository", "GradLink.Repository\GradLink.Repository.csproj", "{1BFE46D8-6EB3-4C59-9C4E-9201BB839655}"
EndProject
Global
	GlobalSection(SolutionConfigurationPlatforms) = preSolution
		Debug|Any CPU = Debug|Any CPU
		Release|Any CPU = Release|Any CPU
	EndGlobalSection
	GlobalSection(ProjectConfigurationPlatforms) = postSolution
		{D20ADD25-B52A-43C8-89E6-BCEBEA8FFD17}.Debug|Any CPU.ActiveCfg = Debug|Any CPU
		{D20ADD25-B52A-43C8-89E6-BCEBEA8FFD17}.Debug|Any CPU.Build.0 = Debug|Any CPU
		{D20ADD25-B52A-43C8-89E6-BCEBEA8FFD17}.Release|Any CPU.ActiveCfg = Release|Any CPU
		{D20ADD25-B52A-43C8-89E6-BCEBEA8FFD17}.Release|Any CPU.Build.0 = Release|Any CPU
		{2C7A2856-F024-4CD3-813B-BC28E70FD784}.Debug|Any CPU.ActiveCfg = Debug|Any CPU
		{2C7A2856-F024-4CD3-813B-BC28E70FD784}.Debug|Any CPU.Build.0 = Debug|Any CPU
		{2C7A2856-F024-4CD3-813B-BC28E70FD784}.Release|Any CPU.ActiveCfg = Release|Any CPU
		{2C7A2856-F024-4CD3-813B-BC28E70FD784}.Release|Any CPU.Build.0 = Release|Any CPU
		{1BFE46D8-6EB3-4C59-9C4E-9201BB839655}.Debug|Any CPU.ActiveCfg = Debug|Any CPU
		{1BFE46D8-6EB3-4C59-9C4E-9201BB839655}.Debug|Any CPU.Build.0 = Debug|Any CPU
		{1BFE46D8-6EB3-4C59-9C4E-9201BB839655}.Release|Any CPU.ActiveCfg = Release|Any CPU
		{1BFE46D8-6EB3-4C59-9C4E-9201BB839655}.Release|Any CPU.Build.0 = Release|Any CPU
	EndGlobalSection
	GlobalSection(SolutionProperties) = preSolution
		HideSolutionNode = FALSE
	EndGlobalSection
	GlobalSection(NestedProjects) = preSolution
		{D20ADD25-B52A-43C8-89E6-BCEBEA8FFD17} = {41E61137-A72E-49A6-89C4-FA7A905C017B}
		{2C7A2856-F024-4CD3-813B-BC28E70FD784} = {0F67F626-16D0-4717-8AE4-CC60A6C5255A}
		{1BFE46D8-6EB3-4C59-9C4E-9201BB839655} = {0F67F626-16D0-4717-8AE4-CC60A6C5255A}
	EndGlobalSection
EndGlobal
